{
  "name": "@semantizer/index",
  "version": "1.0.0",
  "lockfileVersion": 3,
  "requires": true,
  "packages": {
    "": {
      "name": "@semantizer/index",
      "version": "1.0.0",
      "license": "MIT",
      "dependencies": {
        "@rdfjs/data-model": "^2.0.2"
      },
      "devDependencies": {
        "@rdfjs/types": "^1.1.0",
        "@semantizer/types": "^1.0.0",
        "typescript": "^5.5.2"
      }
    },
    "../types": {
      "name": "@semantizer/types",
      "version": "1.0.0",
      "dev": true,
      "license": "MIT",
      "devDependencies": {
        "@rdfjs/types": "^1.1.0",
        "typescript": "^5.5.2"
      }
    },
    "../types/node_modules/@rdfjs/types": {
      "version": "1.1.0",
      "dev": true,
      "license": "MIT",
      "dependencies": {
        "@types/node": "*"
      }
    },
    "../types/node_modules/@types/node": {
      "version": "22.5.0",
      "dev": true,
      "license": "MIT",
      "dependencies": {
        "undici-types": "~6.19.2"
      }
    },
    "../types/node_modules/typescript": {
      "version": "5.5.2",
      "dev": true,
      "license": "Apache-2.0",
      "bin": {
        "tsc": "bin/tsc",
        "tsserver": "bin/tsserver"
      },
      "engines": {
        "node": ">=14.17"
      }
    },
    "../types/node_modules/undici-types": {
      "version": "6.19.8",
      "dev": true,
      "license": "MIT"
    },
    "node_modules/@rdfjs/data-model": {
      "version": "2.0.2",
      "resolved": "https://registry.npmjs.org/@rdfjs/data-model/-/data-model-2.0.2.tgz",
      "integrity": "sha512-v5LRNkLRJazMCGU7VtEzhz5wKwz/IrOdJEKapCtd35HuFbQfeGpoJP6QOXGyFHhWwKmtG+UMlZzYFyNDVE1m6g==",
      "bin": {
        "rdfjs-data-model-test": "bin/test.js"
      }
    },
    "node_modules/@rdfjs/types": {
      "version": "1.1.0",
      "resolved": "https://registry.npmjs.org/@rdfjs/types/-/types-1.1.0.tgz",
      "integrity": "sha512-5zm8bN2/CC634dTcn/0AhTRLaQRjXDZs3QfcAsQKNturHT7XVWcKy/8p3P5gXl+YkZTAmy7T5M/LyiT/jbkENw==",
      "dev": true,
      "dependencies": {
        "@types/node": "*"
      }
    },
    "node_modules/@semantizer/types": {
      "resolved": "../types",
      "link": true
    },
    "node_modules/@types/node": {
      "version": "22.5.4",
      "resolved": "https://registry.npmjs.org/@types/node/-/node-22.5.4.tgz",
      "integrity": "sha512-FDuKUJQm/ju9fT/SeX/6+gBzoPzlVCzfzmGkwKvRHQVxi4BntVbyIwf6a4Xn62mrvndLiml6z/UBXIdEVjQLXg==",
      "dev": true,
      "dependencies": {
        "undici-types": "~6.19.2"
      }
    },
    "node_modules/typescript": {
      "version": "5.5.4",
      "dev": true,
      "license": "Apache-2.0",
      "bin": {
        "tsc": "bin/tsc",
        "tsserver": "bin/tsserver"
      },
      "engines": {
        "node": ">=14.17"
      }
    },
    "node_modules/undici-types": {
      "version": "6.19.8",
      "resolved": "https://registry.npmjs.org/undici-types/-/undici-types-6.19.8.tgz",
      "integrity": "sha512-ve2KP6f/JnbPBFyobGHuerC9g1FYGn/F8n1LWTwNxCEzd6IfqTwUQcNXgEtmmQ6DlRrC1hrSrBnCZPokRrDHjw==",
      "dev": true
    }
  }
}
