{
  "name": "@semantizer/types",
  "version": "1.0.0",
  "lockfileVersion": 3,
  "requires": true,
  "packages": {
    "": {
      "name": "@semantizer/types",
      "version": "1.0.0",
      "license": "MIT",
      "dependencies": {
        "@rdfjs/data-model": "^2.0.2",
        "@rdfjs/dataset": "^2.0.2"
      },
      "devDependencies": {
        "@rdfjs/types": "^1.1.0",
        "typescript": "^5.5.2"
      }
    },
    "node_modules/@rdfjs/data-model": {
      "version": "2.0.2",
      "resolved": "https://registry.npmjs.org/@rdfjs/data-model/-/data-model-2.0.2.tgz",
      "integrity": "sha512-v5LRNkLRJazMCGU7VtEzhz5wKwz/IrOdJEKapCtd35HuFbQfeGpoJP6QOXGyFHhWwKmtG+UMlZzYFyNDVE1m6g==",
      "bin": {
        "rdfjs-data-model-test": "bin/test.js"
      }
    },
    "node_modules/@rdfjs/dataset": {
      "version": "2.0.2",
      "resolved": "https://registry.npmjs.org/@rdfjs/dataset/-/dataset-2.0.2.tgz",
      "integrity": "sha512-6YJx+5n5Uxzq9dd9I0GGcIo6eopZOPfcsAfxSGX5d+YBzDgVa1cbtEBFnaPyPKiQsOm4+Cr3nwypjpg02YKPlA==",
      "bin": {
        "rdfjs-dataset-test": "bin/test.js"
      }
    },
    "node_modules/@rdfjs/types": {
      "version": "1.1.0",
      "resolved": "https://registry.npmjs.org/@rdfjs/types/-/types-1.1.0.tgz",
      "integrity": "sha512-5zm8bN2/CC634dTcn/0AhTRLaQRjXDZs3QfcAsQKNturHT7XVWcKy/8p3P5gXl+YkZTAmy7T5M/LyiT/jbkENw==",
      "dev": true,
      "dependencies": {
        "@types/node": "*"
      }
    },
    "node_modules/@types/node": {
      "version": "22.5.0",
      "resolved": "https://registry.npmjs.org/@types/node/-/node-22.5.0.tgz",
      "integrity": "sha512-DkFrJOe+rfdHTqqMg0bSNlGlQ85hSoh2TPzZyhHsXnMtligRWpxUySiyw8FY14ITt24HVCiQPWxS3KO/QlGmWg==",
      "dev": true,
      "dependencies": {
        "undici-types": "~6.19.2"
      }
    },
    "node_modules/typescript": {
      "version": "5.5.2",
      "resolved": "https://registry.npmjs.org/typescript/-/typescript-5.5.2.tgz",
      "integrity": "sha512-NcRtPEOsPFFWjobJEtfihkLCZCXZt/os3zf8nTxjVH3RvTSxjrCamJpbExGvYOF+tFHc3pA65qpdwPbzjohhew==",
      "dev": true,
      "bin": {
        "tsc": "bin/tsc",
        "tsserver": "bin/tsserver"
      },
      "engines": {
        "node": ">=14.17"
      }
    },
    "node_modules/undici-types": {
      "version": "6.19.8",
      "resolved": "https://registry.npmjs.org/undici-types/-/undici-types-6.19.8.tgz",
      "integrity": "sha512-ve2KP6f/JnbPBFyobGHuerC9g1FYGn/F8n1LWTwNxCEzd6IfqTwUQcNXgEtmmQ6DlRrC1hrSrBnCZPokRrDHjw==",
      "dev": true
    }
  }
}
