{
  "name": "@semantizer/mixin-typeindex",
  "version": "1.0.0",
  "lockfileVersion": 3,
  "requires": true,
  "packages": {
    "": {
      "name": "@semantizer/mixin-typeindex",
      "version": "1.0.0",
      "license": "MIT",
      "dependencies": {
        "@rdfjs/data-model": "^2.0.2"
      },
      "devDependencies": {
        "@semantizer/types": "^1.0.0",
        "typescript": "^5.5.2"
      }
    },
    "../types": {
      "name": "@semantizer/types",
      "version": "1.0.0",
      "dev": true,
      "license": "MIT",
      "devDependencies": {
        "@rdfjs/types": "^1.1.0",
        "typescript": "^5.5.2"
      }
    },
    "../types/node_modules/@rdfjs/types": {
      "version": "1.1.0",
      "dev": true,
      "license": "MIT",
      "dependencies": {
        "@types/node": "*"
      }
    },
    "../types/node_modules/@types/node": {
      "version": "22.5.0",
      "dev": true,
      "license": "MIT",
      "dependencies": {
        "undici-types": "~6.19.2"
      }
    },
    "../types/node_modules/typescript": {
      "version": "5.5.2",
      "dev": true,
      "license": "Apache-2.0",
      "bin": {
        "tsc": "bin/tsc",
        "tsserver": "bin/tsserver"
      },
      "engines": {
        "node": ">=14.17"
      }
    },
    "../types/node_modules/undici-types": {
      "version": "6.19.8",
      "dev": true,
      "license": "MIT"
    },
    "node_modules/@rdfjs/data-model": {
      "version": "2.0.2",
      "resolved": "https://registry.npmjs.org/@rdfjs/data-model/-/data-model-2.0.2.tgz",
      "integrity": "sha512-v5LRNkLRJazMCGU7VtEzhz5wKwz/IrOdJEKapCtd35HuFbQfeGpoJP6QOXGyFHhWwKmtG+UMlZzYFyNDVE1m6g==",
      "bin": {
        "rdfjs-data-model-test": "bin/test.js"
      }
    },
    "node_modules/@semantizer/types": {
      "resolved": "../types",
      "link": true
    },
    "node_modules/typescript": {
      "version": "5.5.2",
      "dev": true,
      "license": "Apache-2.0",
      "bin": {
        "tsc": "bin/tsc",
        "tsserver": "bin/tsserver"
      },
      "engines": {
        "node": ">=14.17"
      }
    }
  }
}
